
Microsoft Visual Studio Solution File, Format Version 12.00
# Visual Studio 15
VisualStudioVersion = 15.0.28307.902
MinimumVisualStudioVersion = 10.0.40219.1
Project("{FAE04EC0-301F-11D3-BF4B-00C04F79EFBC}") = "PortReaderWebApi", "PortReaderWebApi\PortReaderWebApi.csproj", "{462AE85A-BD16-47F4-80F7-B10E6FDA27FC}"
EndProject
Global
	GlobalSection(SolutionConfigurationPlatforms) = preSolution
		Debug|Any CPU = Debug|Any CPU
		Release|Any CPU = Release|Any CPU
	EndGlobalSection
	GlobalSection(ProjectConfigurationPlatforms) = postSolution
		{462AE85A-BD16-47F4-80F7-B10E6FDA27FC}.Debug|Any CPU.ActiveCfg = Debug|Any CPU
		{462AE85A-BD16-47F4-80F7-B10E6FDA27FC}.Debug|Any CPU.Build.0 = Debug|Any CPU
		{462AE85A-BD16-47F4-80F7-B10E6FDA27FC}.Release|Any CPU.ActiveCfg = Release|Any CPU
		{462AE85A-BD16-47F4-80F7-B10E6FDA27FC}.Release|Any CPU.Build.0 = Release|Any CPU
	EndGlobalSection
	GlobalSection(SolutionProperties) = preSolution
		HideSolutionNode = FALSE
	EndGlobalSection
	GlobalSection(ExtensibilityGlobals) = postSolution
		SolutionGuid = {E9B2914F-671E-4DED-A9E3-C2EF701AF290}
	EndGlobalSection
EndGlobal
